// !$*UTF8*$!
{
	archiveVersion = 1;
	classes = {
	};
	objectVersion = 50;
	objects = {

/* Begin PBXBuildFile section */
		8ABEA175CB3EC671AA4098A9 /* Pods_PageExampleUITests.framework in Frameworks */ = {isa = PBXBuildFile; fileRef = E1BC030D5803B9E16BA21912 /* Pods_PageExampleUITests.framework */; };
		C907A57C2BAA134F98162A16 /* Pods_PageExample.framework in Frameworks */ = {isa = PBXBuildFile; fileRef = F2D4F2168ED96DB9AF6D19EA /* Pods_PageExample.framework */; };
		F1040BFD2686D9E500BE891F /* PageView.swift in Sources */ = {isa = PBXBuildFile; fileRef = F1040BFC2686D9E500BE891F /* PageView.swift */; };
		F1040BFF2686D9F000BE891F /* PageView.xib in Resources */ = {isa = PBXBuildFile; fileRef = F1040BFE2686D9F000BE891F /* PageView.xib */; };
		F1040C032686DA4B00BE891F /* PageViewCell.swift in Sources */ = {isa = PBXBuildFile; fileRef = F1040C012686DA4B00BE891F /* PageViewCell.swift */; };
		F1040C042686DA4B00BE891F /* PageViewCell.xib in Resources */ = {isa = PBXBuildFile; fileRef = F1040C022686DA4B00BE891F /* PageViewCell.xib */; };
		F1040C072686DA8800BE891F /* PageWebView.swift in Sources */ = {isa = PBXBuildFile; fileRef = F1040C062686DA8800BE891F /* PageWebView.swift */; };
		F1040C092686DA9300BE891F /* PageWebView.xib in Resources */ = {isa = PBXBuildFile; fileRef = F1040C082686DA9300BE891F /* PageWebView.xib */; };
		F1040C0B2686DC3900BE891F /* PageWebViewSource in Resources */ = {isa = PBXBuildFile; fileRef = F1040C0A2686DC3900BE891F /* PageWebViewSource */; };
		F1040C0D2686E2FD00BE891F /* UIView+Constraint.swift in Sources */ = {isa = PBXBuildFile; fileRef = F1040C0C2686E2FD00BE891F /* UIView+Constraint.swift */; };
		F189328A2686D4910046A6DB /* AppDelegate.swift in Sources */ = {isa = PBXBuildFile; fileRef = F18932892686D4910046A6DB /* AppDelegate.swift */; };
		F189328C2686D4910046A6DB /* SceneDelegate.swift in Sources */ = {isa = PBXBuildFile; fileRef = F189328B2686D4910046A6DB /* SceneDelegate.swift */; };
		F189328E2686D4910046A6DB /* HomeVC.swift in Sources */ = {isa = PBXBuildFile; fileRef = F189328D2686D4910046A6DB /* HomeVC.swift */; };
		F18932912686D4910046A6DB /* Main.storyboard in Resources */ = {isa = PBXBuildFile; fileRef = F189328F2686D4910046A6DB /* Main.storyboard */; };
		F18932932686D4930046A6DB /* Assets.xcassets in Resources */ = {isa = PBXBuildFile; fileRef = F18932922686D4930046A6DB /* Assets.xcassets */; };
		F18932962686D4930046A6DB /* LaunchScreen.storyboard in Resources */ = {isa = PBXBuildFile; fileRef = F18932942686D4930046A6DB /* LaunchScreen.storyboard */; };
		F18932A12686D4930046A6DB /* PageExampleTests.swift in Sources */ = {isa = PBXBuildFile; fileRef = F18932A02686D4930046A6DB /* PageExampleTests.swift */; };
		F18932AC2686D4930046A6DB /* PageExampleUITests.swift in Sources */ = {isa = PBXBuildFile; fileRef = F18932AB2686D4930046A6DB /* PageExampleUITests.swift */; };
		F18932BB2686D5620046A6DB /* HomeVC.storyboard in Resources */ = {isa = PBXBuildFile; fileRef = F18932BA2686D5620046A6DB /* HomeVC.storyboard */; };
		FFAED3F3413B1BD82C7F0CCF /* Pods_PageExampleTests.framework in Frameworks */ = {isa = PBXBuildFile; fileRef = B66261C2D7A9C9199EE76FA5 /* Pods_PageExampleTests.framework */; };
/* End PBXBuildFile section */

/* Begin PBXContainerItemProxy section */
		F189329D2686D4930046A6DB /* PBXContainerItemProxy */ = {
			isa = PBXContainerItemProxy;
			containerPortal = F189327E2686D4910046A6DB /* Project object */;
			proxyType = 1;
			remoteGlobalIDString = F18932852686D4910046A6DB;
			remoteInfo = PageExample;
		};
		F18932A82686D4930046A6DB /* PBXContainerItemProxy */ = {
			isa = PBXContainerItemProxy;
			containerPortal = F189327E2686D4910046A6DB /* Project object */;
			proxyType = 1;
			remoteGlobalIDString = F18932852686D4910046A6DB;
			remoteInfo = PageExample;
		};
/* End PBXContainerItemProxy section */

/* Begin PBXFileReference section */
		24BEB6AB7B3DC905291248A4 /* Pods-PageExampleUITests.debug.xcconfig */ = {isa = PBXFileReference; includeInIndex = 1; lastKnownFileType = text.xcconfig; name = "Pods-PageExampleUITests.debug.xcconfig"; path = "Target Support Files/Pods-PageExampleUITests/Pods-PageExampleUITests.debug.xcconfig"; sourceTree = "<group>"; };
		28EB6175D4EE7F09D1D38C22 /* Pods-PageExampleUITests.release.xcconfig */ = {isa = PBXFileReference; includeInIndex = 1; lastKnownFileType = text.xcconfig; name = "Pods-PageExampleUITests.release.xcconfig"; path = "Target Support Files/Pods-PageExampleUITests/Pods-PageExampleUITests.release.xcconfig"; sourceTree = "<group>"; };
		4538A0DD87F30379A4140201 /* Pods-PageExample.debug.xcconfig */ = {isa = PBXFileReference; includeInIndex = 1; lastKnownFileType = text.xcconfig; name = "Pods-PageExample.debug.xcconfig"; path = "Target Support Files/Pods-PageExample/Pods-PageExample.debug.xcconfig"; sourceTree = "<group>"; };
		6ADAD706ABD3515C2B42A8EA /* Pods-PageExample-PageExampleUITests.debug.xcconfig */ = {isa = PBXFileReference; includeInIndex = 1; lastKnownFileType = text.xcconfig; name = "Pods-PageExample-PageExampleUITests.debug.xcconfig"; path = "Target Support Files/Pods-PageExample-PageExampleUITests/Pods-PageExample-PageExampleUITests.debug.xcconfig"; sourceTree = "<group>"; };
		7CBA150AD3446C939D9D0760 /* Pods-PageExample-PageExampleUITests.release.xcconfig */ = {isa = PBXFileReference; includeInIndex = 1; lastKnownFileType = text.xcconfig; name = "Pods-PageExample-PageExampleUITests.release.xcconfig"; path = "Target Support Files/Pods-PageExample-PageExampleUITests/Pods-PageExample-PageExampleUITests.release.xcconfig"; sourceTree = "<group>"; };
		8EE122A028660A3D3B705EC4 /* Pods-PageExample.release.xcconfig */ = {isa = PBXFileReference; includeInIndex = 1; lastKnownFileType = text.xcconfig; name = "Pods-PageExample.release.xcconfig"; path = "Target Support Files/Pods-PageExample/Pods-PageExample.release.xcconfig"; sourceTree = "<group>"; };
		A1A6D59065DBBD035EBD2115 /* Pods-PageExampleTests.release.xcconfig */ = {isa = PBXFileReference; includeInIndex = 1; lastKnownFileType = text.xcconfig; name = "Pods-PageExampleTests.release.xcconfig"; path = "Target Support Files/Pods-PageExampleTests/Pods-PageExampleTests.release.xcconfig"; sourceTree = "<group>"; };
		B66261C2D7A9C9199EE76FA5 /* Pods_PageExampleTests.framework */ = {isa = PBXFileReference; explicitFileType = wrapper.framework; includeInIndex = 0; path = Pods_PageExampleTests.framework; sourceTree = BUILT_PRODUCTS_DIR; };
		E1BC030D5803B9E16BA21912 /* Pods_PageExampleUITests.framework */ = {isa = PBXFileReference; explicitFileType = wrapper.framework; includeInIndex = 0; path = Pods_PageExampleUITests.framework; sourceTree = BUILT_PRODUCTS_DIR; };
		EB06188125846E4BB4B002FA /* Pods-PageExampleTests.debug.xcconfig */ = {isa = PBXFileReference; includeInIndex = 1; lastKnownFileType = text.xcconfig; name = "Pods-PageExampleTests.debug.xcconfig"; path = "Target Support Files/Pods-PageExampleTests/Pods-PageExampleTests.debug.xcconfig"; sourceTree = "<group>"; };
		F1040BFC2686D9E500BE891F /* PageView.swift */ = {isa = PBXFileReference; lastKnownFileType = sourcecode.swift; path = PageView.swift; sourceTree = "<group>"; };
		F1040BFE2686D9F000BE891F /* PageView.xib */ = {isa = PBXFileReference; lastKnownFileType = file.xib; path = PageView.xib; sourceTree = "<group>"; };
		F1040C012686DA4B00BE891F /* PageViewCell.swift */ = {isa = PBXFileReference; lastKnownFileType = sourcecode.swift; path = PageViewCell.swift; sourceTree = "<group>"; };
		F1040C022686DA4B00BE891F /* PageViewCell.xib */ = {isa = PBXFileReference; lastKnownFileType = file.xib; path = PageViewCell.xib; sourceTree = "<group>"; };
		F1040C062686DA8800BE891F /* PageWebView.swift */ = {isa = PBXFileReference; lastKnownFileType = sourcecode.swift; path = PageWebView.swift; sourceTree = "<group>"; };
		F1040C082686DA9300BE891F /* PageWebView.xib */ = {isa = PBXFileReference; lastKnownFileType = file.xib; path = PageWebView.xib; sourceTree = "<group>"; };
		F1040C0A2686DC3900BE891F /* PageWebViewSource */ = {isa = PBXFileReference; lastKnownFileType = folder; path = PageWebViewSource; sourceTree = "<group>"; };
		F1040C0C2686E2FD00BE891F /* UIView+Constraint.swift */ = {isa = PBXFileReference; lastKnownFileType = sourcecode.swift; path = "UIView+Constraint.swift"; sourceTree = "<group>"; };
		F18932862686D4910046A6DB /* PageExample.app */ = {isa = PBXFileReference; explicitFileType = wrapper.application; includeInIndex = 0; path = PageExample.app; sourceTree = BUILT_PRODUCTS_DIR; };
		F18932892686D4910046A6DB /* AppDelegate.swift */ = {isa = PBXFileReference; lastKnownFileType = sourcecode.swift; path = AppDelegate.swift; sourceTree = "<group>"; };
		F189328B2686D4910046A6DB /* SceneDelegate.swift */ = {isa = PBXFileReference; lastKnownFileType = sourcecode.swift; path = SceneDelegate.swift; sourceTree = "<group>"; };
		F189328D2686D4910046A6DB /* HomeVC.swift */ = {isa = PBXFileReference; lastKnownFileType = sourcecode.swift; path = HomeVC.swift; sourceTree = "<group>"; };
		F18932902686D4910046A6DB /* Base */ = {isa = PBXFileReference; lastKnownFileType = file.storyboard; name = Base; path = Base.lproj/Main.storyboard; sourceTree = "<group>"; };
		F18932922686D4930046A6DB /* Assets.xcassets */ = {isa = PBXFileReference; lastKnownFileType = folder.assetcatalog; path = Assets.xcassets; sourceTree = "<group>"; };
		F18932952686D4930046A6DB /* Base */ = {isa = PBXFileReference; lastKnownFileType = file.storyboard; name = Base; path = Base.lproj/LaunchScreen.storyboard; sourceTree = "<group>"; };
		F18932972686D4930046A6DB /* Info.plist */ = {isa = PBXFileReference; lastKnownFileType = text.plist.xml; path = Info.plist; sourceTree = "<group>"; };
		F189329C2686D4930046A6DB /* PageExampleTests.xctest */ = {isa = PBXFileReference; explicitFileType = wrapper.cfbundle; includeInIndex = 0; path = PageExampleTests.xctest; sourceTree = BUILT_PRODUCTS_DIR; };
		F18932A02686D4930046A6DB /* PageExampleTests.swift */ = {isa = PBXFileReference; lastKnownFileType = sourcecode.swift; path = PageExampleTests.swift; sourceTree = "<group>"; };
		F18932A22686D4930046A6DB /* Info.plist */ = {isa = PBXFileReference; lastKnownFileType = text.plist.xml; path = Info.plist; sourceTree = "<group>"; };
		F18932A72686D4930046A6DB /* PageExampleUITests.xctest */ = {isa = PBXFileReference; explicitFileType = wrapper.cfbundle; includeInIndex = 0; path = PageExampleUITests.xctest; sourceTree = BUILT_PRODUCTS_DIR; };
		F18932AB2686D4930046A6DB /* PageExampleUITests.swift */ = {isa = PBXFileReference; lastKnownFileType = sourcecode.swift; path = PageExampleUITests.swift; sourceTree = "<group>"; };
		F18932AD2686D4930046A6DB /* Info.plist */ = {isa = PBXFileReference; lastKnownFileType = text.plist.xml; path = Info.plist; sourceTree = "<group>"; };
		F18932BA2686D5620046A6DB /* HomeVC.storyboard */ = {isa = PBXFileReference; lastKnownFileType = file.storyboard; path = HomeVC.storyboard; sourceTree = "<group>"; };
		F2D4F2168ED96DB9AF6D19EA /* Pods_PageExample.framework */ = {isa = PBXFileReference; explicitFileType = wrapper.framework; includeInIndex = 0; path = Pods_PageExample.framework; sourceTree = BUILT_PRODUCTS_DIR; };
/* End PBXFileReference section */

/* Begin PBXFrameworksBuildPhase section */
		F18932832686D4910046A6DB /* Frameworks */ = {
			isa = PBXFrameworksBuildPhase;
			buildActionMask = 2147483647;
			files = (
				C907A57C2BAA134F98162A16 /* Pods_PageExample.framework in Frameworks */,
			);
			runOnlyForDeploymentPostprocessing = 0;
		};
		F18932992686D4930046A6DB /* Frameworks */ = {
			isa = PBXFrameworksBuildPhase;
			buildActionMask = 2147483647;
			files = (
				FFAED3F3413B1BD82C7F0CCF /* Pods_PageExampleTests.framework in Frameworks */,
			);
			runOnlyForDeploymentPostprocessing = 0;
		};
		F18932A42686D4930046A6DB /* Frameworks */ = {
			isa = PBXFrameworksBuildPhase;
			buildActionMask = 2147483647;
			files = (
				8ABEA175CB3EC671AA4098A9 /* Pods_PageExampleUITests.framework in Frameworks */,
			);
			runOnlyForDeploymentPostprocessing = 0;
		};
/* End PBXFrameworksBuildPhase section */

/* Begin PBXGroup section */
		99FFB87FE1F88ABF8ED15714 /* Pods */ = {
			isa = PBXGroup;
			children = (
				4538A0DD87F30379A4140201 /* Pods-PageExample.debug.xcconfig */,
				8EE122A028660A3D3B705EC4 /* Pods-PageExample.release.xcconfig */,
				6ADAD706ABD3515C2B42A8EA /* Pods-PageExample-PageExampleUITests.debug.xcconfig */,
				7CBA150AD3446C939D9D0760 /* Pods-PageExample-PageExampleUITests.release.xcconfig */,
				EB06188125846E4BB4B002FA /* Pods-PageExampleTests.debug.xcconfig */,
				A1A6D59065DBBD035EBD2115 /* Pods-PageExampleTests.release.xcconfig */,
				24BEB6AB7B3DC905291248A4 /* Pods-PageExampleUITests.debug.xcconfig */,
				28EB6175D4EE7F09D1D38C22 /* Pods-PageExampleUITests.release.xcconfig */,
			);
			name = Pods;
			path = Pods;
			sourceTree = "<group>";
		};
		F1040BF92686D9BC00BE891F /* PageView */ = {
			isa = PBXGroup;
			children = (
				F1040C052686DA7100BE891F /* PageWebView */,
				F1040C002686DA3000BE891F /* PageViewCell */,
				F1040BFC2686D9E500BE891F /* PageView.swift */,
				F1040BFE2686D9F000BE891F /* PageView.xib */,
			);
			path = PageView;
			sourceTree = "<group>";
		};
		F1040C002686DA3000BE891F /* PageViewCell */ = {
			isa = PBXGroup;
			children = (
				F1040C012686DA4B00BE891F /* PageViewCell.swift */,
				F1040C022686DA4B00BE891F /* PageViewCell.xib */,
			);
			path = PageViewCell;
			sourceTree = "<group>";
		};
		F1040C052686DA7100BE891F /* PageWebView */ = {
			isa = PBXGroup;
			children = (
				F1040C062686DA8800BE891F /* PageWebView.swift */,
				F1040C082686DA9300BE891F /* PageWebView.xib */,
				F1040C0A2686DC3900BE891F /* PageWebViewSource */,
				F1040C0C2686E2FD00BE891F /* UIView+Constraint.swift */,
			);
			path = PageWebView;
			sourceTree = "<group>";
		};
		F189327D2686D4910046A6DB = {
			isa = PBXGroup;
			children = (
				F18932882686D4910046A6DB /* PageExample */,
				F189329F2686D4930046A6DB /* PageExampleTests */,
				F18932AA2686D4930046A6DB /* PageExampleUITests */,
				F18932872686D4910046A6DB /* Products */,
				99FFB87FE1F88ABF8ED15714 /* Pods */,
				F99CDC71A41B8905F59AA1C9 /* Frameworks */,
			);
			sourceTree = "<group>";
		};
		F18932872686D4910046A6DB /* Products */ = {
			isa = PBXGroup;
			children = (
				F18932862686D4910046A6DB /* PageExample.app */,
				F189329C2686D4930046A6DB /* PageExampleTests.xctest */,
				F18932A72686D4930046A6DB /* PageExampleUITests.xctest */,
			);
			name = Products;
			sourceTree = "<group>";
		};
		F18932882686D4910046A6DB /* PageExample */ = {
			isa = PBXGroup;
			children = (
				F1040BF92686D9BC00BE891F /* PageView */,
				F18932B92686D5110046A6DB /* HomeVC */,
				F18932892686D4910046A6DB /* AppDelegate.swift */,
				F189328B2686D4910046A6DB /* SceneDelegate.swift */,
				F18932922686D4930046A6DB /* Assets.xcassets */,
				F189328F2686D4910046A6DB /* Main.storyboard */,
				F18932942686D4930046A6DB /* LaunchScreen.storyboard */,
				F18932972686D4930046A6DB /* Info.plist */,
			);
			path = PageExample;
			sourceTree = "<group>";
		};
		F189329F2686D4930046A6DB /* PageExampleTests */ = {
			isa = PBXGroup;
			children = (
				F18932A02686D4930046A6DB /* PageExampleTests.swift */,
				F18932A22686D4930046A6DB /* Info.plist */,
			);
			path = PageExampleTests;
			sourceTree = "<group>";
		};
		F18932AA2686D4930046A6DB /* PageExampleUITests */ = {
			isa = PBXGroup;
			children = (
				F18932AB2686D4930046A6DB /* PageExampleUITests.swift */,
				F18932AD2686D4930046A6DB /* Info.plist */,
			);
			path = PageExampleUITests;
			sourceTree = "<group>";
		};
		F18932B92686D5110046A6DB /* HomeVC */ = {
			isa = PBXGroup;
			children = (
				F189328D2686D4910046A6DB /* HomeVC.swift */,
				F18932BA2686D5620046A6DB /* HomeVC.storyboard */,
			);
			path = HomeVC;
			sourceTree = "<group>";
		};
		F99CDC71A41B8905F59AA1C9 /* Frameworks */ = {
			isa = PBXGroup;
			children = (
				F2D4F2168ED96DB9AF6D19EA /* Pods_PageExample.framework */,
				B66261C2D7A9C9199EE76FA5 /* Pods_PageExampleTests.framework */,
				E1BC030D5803B9E16BA21912 /* Pods_PageExampleUITests.framework */,
			);
			name = Frameworks;
			sourceTree = "<group>";
		};
/* End PBXGroup section */

/* Begin PBXNativeTarget section */
		F18932852686D4910046A6DB /* PageExample */ = {
			isa = PBXNativeTarget;
			buildConfigurationList = F18932B02686D4930046A6DB /* Build configuration list for PBXNativeTarget "PageExample" */;
			buildPhases = (
				73D2D10E7F991CEF27D1EFA7 /* [CP] Check Pods Manifest.lock */,
				F18932822686D4910046A6DB /* Sources */,
				F18932832686D4910046A6DB /* Frameworks */,
				F18932842686D4910046A6DB /* Resources */,
				75DF3991F597FD049FCC1C9F /* [CP] Embed Pods Frameworks */,
			);
			buildRules = (
			);
			dependencies = (
			);
			name = PageExample;
			productName = PageExample;
			productReference = F18932862686D4910046A6DB /* PageExample.app */;
			productType = "com.apple.product-type.application";
		};
		F189329B2686D4930046A6DB /* PageExampleTests */ = {
			isa = PBXNativeTarget;
			buildConfigurationList = F18932B32686D4930046A6DB /* Build configuration list for PBXNativeTarget "PageExampleTests" */;
			buildPhases = (
				6A82A11E9EDFE14B9875228C /* [CP] Check Pods Manifest.lock */,
				F18932982686D4930046A6DB /* Sources */,
				F18932992686D4930046A6DB /* Frameworks */,
				F189329A2686D4930046A6DB /* Resources */,
			);
			buildRules = (
			);
			dependencies = (
				F189329E2686D4930046A6DB /* PBXTargetDependency */,
			);
			name = PageExampleTests;
			productName = PageExampleTests;
			productReference = F189329C2686D4930046A6DB /* PageExampleTests.xctest */;
			productType = "com.apple.product-type.bundle.unit-test";
		};
		F18932A62686D4930046A6DB /* PageExampleUITests */ = {
			isa = PBXNativeTarget;
			buildConfigurationList = F18932B62686D4930046A6DB /* Build configuration list for PBXNativeTarget "PageExampleUITests" */;
			buildPhases = (
				C535B376519808A22C1B1A53 /* [CP] Check Pods Manifest.lock */,
				F18932A32686D4930046A6DB /* Sources */,
				F18932A42686D4930046A6DB /* Frameworks */,
				F18932A52686D4930046A6DB /* Resources */,
			);
			buildRules = (
			);
			dependencies = (
				F18932A92686D4930046A6DB /* PBXTargetDependency */,
			);
			name = PageExampleUITests;
			productName = PageExampleUITests;
			productReference = F18932A72686D4930046A6DB /* PageExampleUITests.xctest */;
			productType = "com.apple.product-type.bundle.ui-testing";
		};
/* End PBXNativeTarget section */

/* Begin PBXProject section */
		F189327E2686D4910046A6DB /* Project object */ = {
			isa = PBXProject;
			attributes = {
				LastSwiftUpdateCheck = 1250;
				LastUpgradeCheck = 1250;
				TargetAttributes = {
					F18932852686D4910046A6DB = {
						CreatedOnToolsVersion = 12.5;
					};
					F189329B2686D4930046A6DB = {
						CreatedOnToolsVersion = 12.5;
						TestTargetID = F18932852686D4910046A6DB;
					};
					F18932A62686D4930046A6DB = {
						CreatedOnToolsVersion = 12.5;
						TestTargetID = F18932852686D4910046A6DB;
					};
				};
			};
			buildConfigurationList = F18932812686D4910046A6DB /* Build configuration list for PBXProject "PageExample" */;
			compatibilityVersion = "Xcode 9.3";
			developmentRegion = en;
			hasScannedForEncodings = 0;
			knownRegions = (
				en,
				Base,
			);
			mainGroup = F189327D2686D4910046A6DB;
			productRefGroup = F18932872686D4910046A6DB /* Products */;
			projectDirPath = "";
			projectRoot = "";
			targets = (
				F18932852686D4910046A6DB /* PageExample */,
				F189329B2686D4930046A6DB /* PageExampleTests */,
				F18932A62686D4930046A6DB /* PageExampleUITests */,
			);
		};
/* End PBXProject section */

/* Begin PBXResourcesBuildPhase section */
		F18932842686D4910046A6DB /* Resources */ = {
			isa = PBXResourcesBuildPhase;
			buildActionMask = 2147483647;
			files = (
				F1040C0B2686DC3900BE891F /* PageWebViewSource in Resources */,
				F18932962686D4930046A6DB /* LaunchScreen.storyboard in Resources */,
				F1040C042686DA4B00BE891F /* PageViewCell.xib in Resources */,
				F18932932686D4930046A6DB /* Assets.xcassets in Resources */,
				F18932BB2686D5620046A6DB /* HomeVC.storyboard in Resources */,
				F18932912686D4910046A6DB /* Main.storyboard in Resources */,
				F1040BFF2686D9F000BE891F /* PageView.xib in Resources */,
				F1040C092686DA9300BE891F /* PageWebView.xib in Resources */,
			);
			runOnlyForDeploymentPostprocessing = 0;
		};
		F189329A2686D4930046A6DB /* Resources */ = {
			isa = PBXResourcesBuildPhase;
			buildActionMask = 2147483647;
			files = (
			);
			runOnlyForDeploymentPostprocessing = 0;
		};
		F18932A52686D4930046A6DB /* Resources */ = {
			isa = PBXResourcesBuildPhase;
			buildActionMask = 2147483647;
			files = (
			);
			runOnlyForDeploymentPostprocessing = 0;
		};
/* End PBXResourcesBuildPhase section */

/* Begin PBXShellScriptBuildPhase section */
		6A82A11E9EDFE14B9875228C /* [CP] Check Pods Manifest.lock */ = {
			isa = PBXShellScriptBuildPhase;
			buildActionMask = 2147483647;
			files = (
			);
			inputFileListPaths = (
			);
			inputPaths = (
				"${PODS_PODFILE_DIR_PATH}/Podfile.lock",
				"${PODS_ROOT}/Manifest.lock",
			);
			name = "[CP] Check Pods Manifest.lock";
			outputFileListPaths = (
			);
			outputPaths = (
				"$(DERIVED_FILE_DIR)/Pods-PageExampleTests-checkManifestLockResult.txt",
			);
			runOnlyForDeploymentPostprocessing = 0;
			shellPath = /bin/sh;
			shellScript = "diff \"${PODS_PODFILE_DIR_PATH}/Podfile.lock\" \"${PODS_ROOT}/Manifest.lock\" > /dev/null\nif [ $? != 0 ] ; then\n    # print error to STDERR\n    echo \"error: The sandbox is not in sync with the Podfile.lock. Run 'pod install' or update your CocoaPods installation.\" >&2\n    exit 1\nfi\n# This output is used by Xcode 'outputs' to avoid re-running this script phase.\necho \"SUCCESS\" > \"${SCRIPT_OUTPUT_FILE_0}\"\n";
			showEnvVarsInLog = 0;
		};
		73D2D10E7F991CEF27D1EFA7 /* [CP] Check Pods Manifest.lock */ = {
			isa = PBXShellScriptBuildPhase;
			buildActionMask = 2147483647;
			files = (
			);
			inputFileListPaths = (
			);
			inputPaths = (
				"${PODS_PODFILE_DIR_PATH}/Podfile.lock",
				"${PODS_ROOT}/Manifest.lock",
			);
			name = "[CP] Check Pods Manifest.lock";
			outputFileListPaths = (
			);
			outputPaths = (
				"$(DERIVED_FILE_DIR)/Pods-PageExample-checkManifestLockResult.txt",
			);
			runOnlyForDeploymentPostprocessing = 0;
			shellPath = /bin/sh;
			shellScript = "diff \"${PODS_PODFILE_DIR_PATH}/Podfile.lock\" \"${PODS_ROOT}/Manifest.lock\" > /dev/null\nif [ $? != 0 ] ; then\n    # print error to STDERR\n    echo \"error: The sandbox is not in sync with the Podfile.lock. Run 'pod install' or update your CocoaPods installation.\" >&2\n    exit 1\nfi\n# This output is used by Xcode 'outputs' to avoid re-running this script phase.\necho \"SUCCESS\" > \"${SCRIPT_OUTPUT_FILE_0}\"\n";
			showEnvVarsInLog = 0;
		};
		75DF3991F597FD049FCC1C9F /* [CP] Embed Pods Frameworks */ = {
			isa = PBXShellScriptBuildPhase;
			buildActionMask = 2147483647;
			files = (
			);
			inputFileListPaths = (
				"${PODS_ROOT}/Target Support Files/Pods-PageExample/Pods-PageExample-frameworks-${CONFIGURATION}-input-files.xcfilelist",
			);
			name = "[CP] Embed Pods Frameworks";
			outputFileListPaths = (
				"${PODS_ROOT}/Target Support Files/Pods-PageExample/Pods-PageExample-frameworks-${CONFIGURATION}-output-files.xcfilelist",
			);
			runOnlyForDeploymentPostprocessing = 0;
			shellPath = /bin/sh;
			shellScript = "\"${PODS_ROOT}/Target Support Files/Pods-PageExample/Pods-PageExample-frameworks.sh\"\n";
			showEnvVarsInLog = 0;
		};
		C535B376519808A22C1B1A53 /* [CP] Check Pods Manifest.lock */ = {
			isa = PBXShellScriptBuildPhase;
			buildActionMask = 2147483647;
			files = (
			);
			inputFileListPaths = (
			);
			inputPaths = (
				"${PODS_PODFILE_DIR_PATH}/Podfile.lock",
				"${PODS_ROOT}/Manifest.lock",
			);
			name = "[CP] Check Pods Manifest.lock";
			outputFileListPaths = (
			);
			outputPaths = (
				"$(DERIVED_FILE_DIR)/Pods-PageExampleUITests-checkManifestLockResult.txt",
			);
			runOnlyForDeploymentPostprocessing = 0;
			shellPath = /bin/sh;
			shellScript = "diff \"${PODS_PODFILE_DIR_PATH}/Podfile.lock\" \"${PODS_ROOT}/Manifest.lock\" > /dev/null\nif [ $? != 0 ] ; then\n    # print error to STDERR\n    echo \"error: The sandbox is not in sync with the Podfile.lock. Run 'pod install' or update your CocoaPods installation.\" >&2\n    exit 1\nfi\n# This output is used by Xcode 'outputs' to avoid re-running this script phase.\necho \"SUCCESS\" > \"${SCRIPT_OUTPUT_FILE_0}\"\n";
			showEnvVarsInLog = 0;
		};
/* End PBXShellScriptBuildPhase section */

/* Begin PBXSourcesBuildPhase section */
		F18932822686D4910046A6DB /* Sources */ = {
			isa = PBXSourcesBuildPhase;
			buildActionMask = 2147483647;
			files = (
				F1040C0D2686E2FD00BE891F /* UIView+Constraint.swift in Sources */,
				F1040C032686DA4B00BE891F /* PageViewCell.swift in Sources */,
				F189328E2686D4910046A6DB /* HomeVC.swift in Sources */,
				F1040BFD2686D9E500BE891F /* PageView.swift in Sources */,
				F189328A2686D4910046A6DB /* AppDelegate.swift in Sources */,
				F1040C072686DA8800BE891F /* PageWebView.swift in Sources */,
				F189328C2686D4910046A6DB /* SceneDelegate.swift in Sources */,
			);
			runOnlyForDeploymentPostprocessing = 0;
		};
		F18932982686D4930046A6DB /* Sources */ = {
			isa = PBXSourcesBuildPhase;
			buildActionMask = 2147483647;
			files = (
				F18932A12686D4930046A6DB /* PageExampleTests.swift in Sources */,
			);
			runOnlyForDeploymentPostprocessing = 0;
		};
		F18932A32686D4930046A6DB /* Sources */ = {
			isa = PBXSourcesBuildPhase;
			buildActionMask = 2147483647;
			files = (
				F18932AC2686D4930046A6DB /* PageExampleUITests.swift in Sources */,
			);
			runOnlyForDeploymentPostprocessing = 0;
		};
/* End PBXSourcesBuildPhase section */

/* Begin PBXTargetDependency section */
		F189329E2686D4930046A6DB /* PBXTargetDependency */ = {
			isa = PBXTargetDependency;
			target = F18932852686D4910046A6DB /* PageExample */;
			targetProxy = F189329D2686D4930046A6DB /* PBXContainerItemProxy */;
		};
		F18932A92686D4930046A6DB /* PBXTargetDependency */ = {
			isa = PBXTargetDependency;
			target = F18932852686D4910046A6DB /* PageExample */;
			targetProxy = F18932A82686D4930046A6DB /* PBXContainerItemProxy */;
		};
/* End PBXTargetDependency section */

/* Begin PBXVariantGroup section */
		F189328F2686D4910046A6DB /* Main.storyboard */ = {
			isa = PBXVariantGroup;
			children = (
				F18932902686D4910046A6DB /* Base */,
			);
			name = Main.storyboard;
			sourceTree = "<group>";
		};
		F18932942686D4930046A6DB /* LaunchScreen.storyboard */ = {
			isa = PBXVariantGroup;
			children = (
				F18932952686D4930046A6DB /* Base */,
			);
			name = LaunchScreen.storyboard;
			sourceTree = "<group>";
		};
/* End PBXVariantGroup section */

/* Begin XCBuildConfiguration section */
		F18932AE2686D4930046A6DB /* Debug */ = {
			isa = XCBuildConfiguration;
			buildSettings = {
				ALWAYS_SEARCH_USER_PATHS = NO;
				CLANG_ANALYZER_NONNULL = YES;
				CLANG_ANALYZER_NUMBER_OBJECT_CONVERSION = YES_AGGRESSIVE;
				CLANG_CXX_LANGUAGE_STANDARD = "gnu++14";
				CLANG_CXX_LIBRARY = "libc++";
				CLANG_ENABLE_MODULES = YES;
				CLANG_ENABLE_OBJC_ARC = YES;
				CLANG_ENABLE_OBJC_WEAK = YES;
				CLANG_WARN_BLOCK_CAPTURE_AUTORELEASING = YES;
				CLANG_WARN_BOOL_CONVERSION = YES;
				CLANG_WARN_COMMA = YES;
				CLANG_WARN_CONSTANT_CONVERSION = YES;
				CLANG_WARN_DEPRECATED_OBJC_IMPLEMENTATIONS = YES;
				CLANG_WARN_DIRECT_OBJC_ISA_USAGE = YES_ERROR;
				CLANG_WARN_DOCUMENTATION_COMMENTS = YES;
				CLANG_WARN_EMPTY_BODY = YES;
				CLANG_WARN_ENUM_CONVERSION = YES;
				CLANG_WARN_INFINITE_RECURSION = YES;
				CLANG_WARN_INT_CONVERSION = YES;
				CLANG_WARN_NON_LITERAL_NULL_CONVERSION = YES;
				CLANG_WARN_OBJC_IMPLICIT_RETAIN_SELF = YES;
				CLANG_WARN_OBJC_LITERAL_CONVERSION = YES;
				CLANG_WARN_OBJC_ROOT_CLASS = YES_ERROR;
				CLANG_WARN_QUOTED_INCLUDE_IN_FRAMEWORK_HEADER = YES;
				CLANG_WARN_RANGE_LOOP_ANALYSIS = YES;
				CLANG_WARN_STRICT_PROTOTYPES = YES;
				CLANG_WARN_SUSPICIOUS_MOVE = YES;
				CLANG_WARN_UNGUARDED_AVAILABILITY = YES_AGGRESSIVE;
				CLANG_WARN_UNREACHABLE_CODE = YES;
				CLANG_WARN__DUPLICATE_METHOD_MATCH = YES;
				COPY_PHASE_STRIP = NO;
				DEBUG_INFORMATION_FORMAT = dwarf;
				ENABLE_STRICT_OBJC_MSGSEND = YES;
				ENABLE_TESTABILITY = YES;
				GCC_C_LANGUAGE_STANDARD = gnu11;
				GCC_DYNAMIC_NO_PIC = NO;
				GCC_NO_COMMON_BLOCKS = YES;
				GCC_OPTIMIZATION_LEVEL = 0;
				GCC_PREPROCESSOR_DEFINITIONS = (
					"DEBUG=1",
					"$(inherited)",
				);
				GCC_WARN_64_TO_32_BIT_CONVERSION = YES;
				GCC_WARN_ABOUT_RETURN_TYPE = YES_ERROR;
				GCC_WARN_UNDECLARED_SELECTOR = YES;
				GCC_WARN_UNINITIALIZED_AUTOS = YES_AGGRESSIVE;
				GCC_WARN_UNUSED_FUNCTION = YES;
				GCC_WARN_UNUSED_VARIABLE = YES;
				IPHONEOS_DEPLOYMENT_TARGET = 14.5;
				MTL_ENABLE_DEBUG_INFO = INCLUDE_SOURCE;
				MTL_FAST_MATH = YES;
				ONLY_ACTIVE_ARCH = YES;
				SDKROOT = iphoneos;
				SWIFT_ACTIVE_COMPILATION_CONDITIONS = DEBUG;
				SWIFT_OPTIMIZATION_LEVEL = "-Onone";
			};
			name = Debug;
		};
		F18932AF2686D4930046A6DB /* Release */ = {
			isa = XCBuildConfiguration;
			buildSettings = {
				ALWAYS_SEARCH_USER_PATHS = NO;
				CLANG_ANALYZER_NONNULL = YES;
				CLANG_ANALYZER_NUMBER_OBJECT_CONVERSION = YES_AGGRESSIVE;
				CLANG_CXX_LANGUAGE_STANDARD = "gnu++14";
				CLANG_CXX_LIBRARY = "libc++";
				CLANG_ENABLE_MODULES = YES;
				CLANG_ENABLE_OBJC_ARC = YES;
				CLANG_ENABLE_OBJC_WEAK = YES;
				CLANG_WARN_BLOCK_CAPTURE_AUTORELEASING = YES;
				CLANG_WARN_BOOL_CONVERSION = YES;
				CLANG_WARN_COMMA = YES;
				CLANG_WARN_CONSTANT_CONVERSION = YES;
				CLANG_WARN_DEPRECATED_OBJC_IMPLEMENTATIONS = YES;
				CLANG_WARN_DIRECT_OBJC_ISA_USAGE = YES_ERROR;
				CLANG_WARN_DOCUMENTATION_COMMENTS = YES;
				CLANG_WARN_EMPTY_BODY = YES;
				CLANG_WARN_ENUM_CONVERSION = YES;
				CLANG_WARN_INFINITE_RECURSION = YES;
				CLANG_WARN_INT_CONVERSION = YES;
				CLANG_WARN_NON_LITERAL_NULL_CONVERSION = YES;
				CLANG_WARN_OBJC_IMPLICIT_RETAIN_SELF = YES;
				CLANG_WARN_OBJC_LITERAL_CONVERSION = YES;
				CLANG_WARN_OBJC_ROOT_CLASS = YES_ERROR;
				CLANG_WARN_QUOTED_INCLUDE_IN_FRAMEWORK_HEADER = YES;
				CLANG_WARN_RANGE_LOOP_ANALYSIS = YES;
				CLANG_WARN_STRICT_PROTOTYPES = YES;
				CLANG_WARN_SUSPICIOUS_MOVE = YES;
				CLANG_WARN_UNGUARDED_AVAILABILITY = YES_AGGRESSIVE;
				CLANG_WARN_UNREACHABLE_CODE = YES;
				CLANG_WARN__DUPLICATE_METHOD_MATCH = YES;
				COPY_PHASE_STRIP = NO;
				DEBUG_INFORMATION_FORMAT = "dwarf-with-dsym";
				ENABLE_NS_ASSERTIONS = NO;
				ENABLE_STRICT_OBJC_MSGSEND = YES;
				GCC_C_LANGUAGE_STANDARD = gnu11;
				GCC_NO_COMMON_BLOCKS = YES;
				GCC_WARN_64_TO_32_BIT_CONVERSION = YES;
				GCC_WARN_ABOUT_RETURN_TYPE = YES_ERROR;
				GCC_WARN_UNDECLARED_SELECTOR = YES;
				GCC_WARN_UNINITIALIZED_AUTOS = YES_AGGRESSIVE;
				GCC_WARN_UNUSED_FUNCTION = YES;
				GCC_WARN_UNUSED_VARIABLE = YES;
				IPHONEOS_DEPLOYMENT_TARGET = 14.5;
				MTL_ENABLE_DEBUG_INFO = NO;
				MTL_FAST_MATH = YES;
				SDKROOT = iphoneos;
				SWIFT_COMPILATION_MODE = wholemodule;
				SWIFT_OPTIMIZATION_LEVEL = "-O";
				VALIDATE_PRODUCT = YES;
			};
			name = Release;
		};
		F18932B12686D4930046A6DB /* Debug */ = {
			isa = XCBuildConfiguration;
			baseConfigurationReference = 4538A0DD87F30379A4140201 /* Pods-PageExample.debug.xcconfig */;
			buildSettings = {
				ASSETCATALOG_COMPILER_APPICON_NAME = AppIcon;
				ASSETCATALOG_COMPILER_GLOBAL_ACCENT_COLOR_NAME = AccentColor;
				CODE_SIGN_STYLE = Automatic;
				DEVELOPMENT_TEAM = 4JY9UL334R;
				INFOPLIST_FILE = PageExample/Info.plist;
				LD_RUNPATH_SEARCH_PATHS = (
					"$(inherited)",
					"@executable_path/Frameworks",
				);
				PRODUCT_BUNDLE_IDENTIFIER = com.kieuquangloc.PageExample;
				PRODUCT_NAME = "$(TARGET_NAME)";
				SWIFT_VERSION = 5.0;
				TARGETED_DEVICE_FAMILY = "1,2";
			};
			name = Debug;
		};
		F18932B22686D4930046A6DB /* Release */ = {
			isa = XCBuildConfiguration;
			baseConfigurationReference = 8EE122A028660A3D3B705EC4 /* Pods-PageExample.release.xcconfig */;
			buildSettings = {
				ASSETCATALOG_COMPILER_APPICON_NAME = AppIcon;
				ASSETCATALOG_COMPILER_GLOBAL_ACCENT_COLOR_NAME = AccentColor;
				CODE_SIGN_STYLE = Automatic;
				DEVELOPMENT_TEAM = 4JY9UL334R;
				INFOPLIST_FILE = PageExample/Info.plist;
				LD_RUNPATH_SEARCH_PATHS = (
					"$(inherited)",
					"@executable_path/Frameworks",
				);
				PRODUCT_BUNDLE_IDENTIFIER = com.kieuquangloc.PageExample;
				PRODUCT_NAME = "$(TARGET_NAME)";
				SWIFT_VERSION = 5.0;
				TARGETED_DEVICE_FAMILY = "1,2";
			};
			name = Release;
		};
		F18932B42686D4930046A6DB /* Debug */ = {
			isa = XCBuildConfiguration;
			baseConfigurationReference = EB06188125846E4BB4B002FA /* Pods-PageExampleTests.debug.xcconfig */;
			buildSettings = {
				ALWAYS_EMBED_SWIFT_STANDARD_LIBRARIES = YES;
				BUNDLE_LOADER = "$(TEST_HOST)";
				CODE_SIGN_STYLE = Automatic;
				DEVELOPMENT_TEAM = 4JY9UL334R;
				INFOPLIST_FILE = PageExampleTests/Info.plist;
				IPHONEOS_DEPLOYMENT_TARGET = 14.5;
				LD_RUNPATH_SEARCH_PATHS = (
					"$(inherited)",
					"@executable_path/Frameworks",
					"@loader_path/Frameworks",
				);
				PRODUCT_BUNDLE_IDENTIFIER = com.kieuquangloc.PageExampleTests;
				PRODUCT_NAME = "$(TARGET_NAME)";
				SWIFT_VERSION = 5.0;
				TARGETED_DEVICE_FAMILY = "1,2";
				TEST_HOST = "$(BUILT_PRODUCTS_DIR)/PageExample.app/PageExample";
			};
			name = Debug;
		};
		F18932B52686D4930046A6DB /* Release */ = {
			isa = XCBuildConfiguration;
			baseConfigurationReference = A1A6D59065DBBD035EBD2115 /* Pods-PageExampleTests.release.xcconfig */;
			buildSettings = {
				ALWAYS_EMBED_SWIFT_STANDARD_LIBRARIES = YES;
				BUNDLE_LOADER = "$(TEST_HOST)";
				CODE_SIGN_STYLE = Automatic;
				DEVELOPMENT_TEAM = 4JY9UL334R;
				INFOPLIST_FILE = PageExampleTests/Info.plist;
				IPHONEOS_DEPLOYMENT_TARGET = 14.5;
				LD_RUNPATH_SEARCH_PATHS = (
					"$(inherited)",
					"@executable_path/Frameworks",
					"@loader_path/Frameworks",
				);
				PRODUCT_BUNDLE_IDENTIFIER = com.kieuquangloc.PageExampleTests;
				PRODUCT_NAME = "$(TARGET_NAME)";
				SWIFT_VERSION = 5.0;
				TARGETED_DEVICE_FAMILY = "1,2";
				TEST_HOST = "$(BUILT_PRODUCTS_DIR)/PageExample.app/PageExample";
			};
			name = Release;
		};
		F18932B72686D4930046A6DB /* Debug */ = {
			isa = XCBuildConfiguration;
			baseConfigurationReference = 24BEB6AB7B3DC905291248A4 /* Pods-PageExampleUITests.debug.xcconfig */;
			buildSettings = {
				ALWAYS_EMBED_SWIFT_STANDARD_LIBRARIES = YES;
				CODE_SIGN_STYLE = Automatic;
				DEVELOPMENT_TEAM = 4JY9UL334R;
				INFOPLIST_FILE = PageExampleUITests/Info.plist;
				LD_RUNPATH_SEARCH_PATHS = (
					"$(inherited)",
					"@executable_path/Frameworks",
					"@loader_path/Frameworks",
				);
				PRODUCT_BUNDLE_IDENTIFIER = com.kieuquangloc.PageExampleUITests;
				PRODUCT_NAME = "$(TARGET_NAME)";
				SWIFT_VERSION = 5.0;
				TARGETED_DEVICE_FAMILY = "1,2";
				TEST_TARGET_NAME = PageExample;
			};
			name = Debug;
		};
		F18932B82686D4930046A6DB /* Release */ = {
			isa = XCBuildConfiguration;
			baseConfigurationReference = 28EB6175D4EE7F09D1D38C22 /* Pods-PageExampleUITests.release.xcconfig */;
			buildSettings = {
				ALWAYS_EMBED_SWIFT_STANDARD_LIBRARIES = YES;
				CODE_SIGN_STYLE = Automatic;
				DEVELOPMENT_TEAM = 4JY9UL334R;
				INFOPLIST_FILE = PageExampleUITests/Info.plist;
				LD_RUNPATH_SEARCH_PATHS = (
					"$(inherited)",
					"@executable_path/Frameworks",
					"@loader_path/Frameworks",
				);
				PRODUCT_BUNDLE_IDENTIFIER = com.kieuquangloc.PageExampleUITests;
				PRODUCT_NAME = "$(TARGET_NAME)";
				SWIFT_VERSION = 5.0;
				TARGETED_DEVICE_FAMILY = "1,2";
				TEST_TARGET_NAME = PageExample;
			};
			name = Release;
		};
/* End XCBuildConfiguration section */

/* Begin XCConfigurationList section */
		F18932812686D4910046A6DB /* Build configuration list for PBXProject "PageExample" */ = {
			isa = XCConfigurationList;
			buildConfigurations = (
				F18932AE2686D4930046A6DB /* Debug */,
				F18932AF2686D4930046A6DB /* Release */,
			);
			defaultConfigurationIsVisible = 0;
			defaultConfigurationName = Release;
		};
		F18932B02686D4930046A6DB /* Build configuration list for PBXNativeTarget "PageExample" */ = {
			isa = XCConfigurationList;
			buildConfigurations = (
				F18932B12686D4930046A6DB /* Debug */,
				F18932B22686D4930046A6DB /* Release */,
			);
			defaultConfigurationIsVisible = 0;
			defaultConfigurationName = Release;
		};
		F18932B32686D4930046A6DB /* Build configuration list for PBXNativeTarget "PageExampleTests" */ = {
			isa = XCConfigurationList;
			buildConfigurations = (
				F18932B42686D4930046A6DB /* Debug */,
				F18932B52686D4930046A6DB /* Release */,
			);
			defaultConfigurationIsVisible = 0;
			defaultConfigurationName = Release;
		};
		F18932B62686D4930046A6DB /* Build configuration list for PBXNativeTarget "PageExampleUITests" */ = {
			isa = XCConfigurationList;
			buildConfigurations = (
				F18932B72686D4930046A6DB /* Debug */,
				F18932B82686D4930046A6DB /* Release */,
			);
			defaultConfigurationIsVisible = 0;
			defaultConfigurationName = Release;
		};
/* End XCConfigurationList section */
	};
	rootObject = F189327E2686D4910046A6DB /* Project object */;
}
